
Microsoft Visual Studio Solution File, Format Version 12.00
# Visual Studio Version 16
VisualStudioVersion = 16.0.30611.23
MinimumVisualStudioVersion = 10.0.40219.1
Project("{9A19103F-16F7-4668-BE54-9A1E7A4F7556}") = "Romulus.Web", "Romulus.Web\Romulus.Web.csproj", "{A73F5E0F-9310-49EB-917C-D5D524ED7F45}"
EndProject
Project("{2150E333-8FDC-42A3-9474-1A3956D46DE8}") = "Solution Items", "Solution Items", "{3DCB2657-1654-4FC8-ACDB-72E75CEF3B7D}"
	ProjectSection(SolutionItems) = preProject
		version.json = version.json
	EndProjectSection
EndProject
Global
	GlobalSection(SolutionConfigurationPlatforms) = preSolution
		Debug|Any CPU = Debug|Any CPU
		Release|Any CPU = Release|Any CPU
	EndGlobalSection
	GlobalSection(ProjectConfigurationPlatforms) = postSolution
		{A73F5E0F-9310-49EB-917C-D5D524ED7F45}.Debug|Any CPU.ActiveCfg = Debug|Any CPU
		{A73F5E0F-9310-49EB-917C-D5D524ED7F45}.Debug|Any CPU.Build.0 = Debug|Any CPU
		{A73F5E0F-9310-49EB-917C-D5D524ED7F45}.Release|Any CPU.ActiveCfg = Release|Any CPU
		{A73F5E0F-9310-49EB-917C-D5D524ED7F45}.Release|Any CPU.Build.0 = Release|Any CPU
	EndGlobalSection
	GlobalSection(SolutionProperties) = preSolution
		HideSolutionNode = FALSE
	EndGlobalSection
	GlobalSection(ExtensibilityGlobals) = postSolution
		SolutionGuid = {AEE3209F-5028-40A1-AEEF-3649C285A6CC}
	EndGlobalSection
EndGlobal
