
Microsoft Visual Studio Solution File, Format Version 12.00
# Visual Studio 2012
Project("{FAE04EC0-301F-11D3-BF4B-00C04F79EFBC}") = "Romulus.Web", "Romulus.Web\Romulus.Web.csproj", "{DEADF933-32B1-4D72-B705-086AAD4D9D99}"
EndProject
Project("{FAE04EC0-301F-11D3-BF4B-00C04F79EFBC}") = "Romulus.Web.Tests", "Romulus.Web.Tests\Romulus.Web.Tests.csproj", "{3E434647-BA86-446D-AA47-85284A67EAD5}"
EndProject
Global
	GlobalSection(SolutionConfigurationPlatforms) = preSolution
		Debug|Any CPU = Debug|Any CPU
		Release|Any CPU = Release|Any CPU
	EndGlobalSection
	GlobalSection(ProjectConfigurationPlatforms) = postSolution
		{DEADF933-32B1-4D72-B705-086AAD4D9D99}.Debug|Any CPU.ActiveCfg = Debug|Any CPU
		{DEADF933-32B1-4D72-B705-086AAD4D9D99}.Debug|Any CPU.Build.0 = Debug|Any CPU
		{DEADF933-32B1-4D72-B705-086AAD4D9D99}.Release|Any CPU.ActiveCfg = Release|Any CPU
		{DEADF933-32B1-4D72-B705-086AAD4D9D99}.Release|Any CPU.Build.0 = Release|Any CPU
		{3E434647-BA86-446D-AA47-85284A67EAD5}.Debug|Any CPU.ActiveCfg = Debug|Any CPU
		{3E434647-BA86-446D-AA47-85284A67EAD5}.Debug|Any CPU.Build.0 = Debug|Any CPU
		{3E434647-BA86-446D-AA47-85284A67EAD5}.Release|Any CPU.ActiveCfg = Release|Any CPU
		{3E434647-BA86-446D-AA47-85284A67EAD5}.Release|Any CPU.Build.0 = Release|Any CPU
	EndGlobalSection
	GlobalSection(SolutionProperties) = preSolution
		HideSolutionNode = FALSE
	EndGlobalSection
EndGlobal
